
Microsoft Visual Studio Solution File, Format Version 12.00
# Visual Studio Version 16
VisualStudioVersion = 16.0.31702.278
MinimumVisualStudioVersion = 10.0.40219.1
Project("{FAE04EC0-301F-11D3-BF4B-00C04F79EFBC}") = "Broker Petrol", "Broker Petrol\Broker Petrol.csproj", "{92097579-00E1-4AD9-9778-FBE845BA251F}"
EndProject
Global
	GlobalSection(SolutionConfigurationPlatforms) = preSolution
		Debug|Any CPU = Debug|Any CPU
		Release|Any CPU = Release|Any CPU
	EndGlobalSection
	GlobalSection(ProjectConfigurationPlatforms) = postSolution
		{92097579-00E1-4AD9-9778-FBE845BA251F}.Debug|Any CPU.ActiveCfg = Debug|Any CPU
		{92097579-00E1-4AD9-9778-FBE845BA251F}.Debug|Any CPU.Build.0 = Debug|Any CPU
		{92097579-00E1-4AD9-9778-FBE845BA251F}.Release|Any CPU.ActiveCfg = Release|Any CPU
		{92097579-00E1-4AD9-9778-FBE845BA251F}.Release|Any CPU.Build.0 = Release|Any CPU
	EndGlobalSection
	GlobalSection(SolutionProperties) = preSolution
		HideSolutionNode = FALSE
	EndGlobalSection
	GlobalSection(ExtensibilityGlobals) = postSolution
		SolutionGuid = {00137D98-5343-4022-87DC-46BFAAF65129}
	EndGlobalSection
EndGlobal
